
Microsoft Visual Studio Solution File, Format Version 11.00
# Visual Studio 2010
Project("{F184B08F-C81C-45F6-A57F-5ABD9991F28F}") = "TPS Launcher", "TPS Launcher\TPS Launcher.vbproj", "{96F90A83-CC1E-4FDC-A46A-80E508C0462B}"
EndProject
Global
	GlobalSection(SolutionConfigurationPlatforms) = preSolution
		Debug|x86 = Debug|x86
		Release|x86 = Release|x86
	EndGlobalSection
	GlobalSection(ProjectConfigurationPlatforms) = postSolution
		{96F90A83-CC1E-4FDC-A46A-80E508C0462B}.Debug|x86.ActiveCfg = Debug|x86
		{96F90A83-CC1E-4FDC-A46A-80E508C0462B}.Debug|x86.Build.0 = Debug|x86
		{96F90A83-CC1E-4FDC-A46A-80E508C0462B}.Release|x86.ActiveCfg = Release|x86
		{96F90A83-CC1E-4FDC-A46A-80E508C0462B}.Release|x86.Build.0 = Release|x86
	EndGlobalSection
	GlobalSection(SolutionProperties) = preSolution
		HideSolutionNode = FALSE
	EndGlobalSection
EndGlobal
